
Microsoft Visual Studio Solution File, Format Version 12.00
# Visual Studio Version 17
VisualStudioVersion = 17.3.32728.150
MinimumVisualStudioVersion = 10.0.40219.1
Project("{FAE04EC0-301F-11D3-BF4B-00C04F79EFBC}") = "LINQ.Examples", "LINQ.Examples\LINQ.Examples.csproj", "{C85FA7B9-BDAD-4CCE-9409-65B3A3A358F8}"
EndProject
Global
	GlobalSection(SolutionConfigurationPlatforms) = preSolution
		Debug|Any CPU = Debug|Any CPU
		Release|Any CPU = Release|Any CPU
	EndGlobalSection
	GlobalSection(ProjectConfigurationPlatforms) = postSolution
		{C85FA7B9-BDAD-4CCE-9409-65B3A3A358F8}.Debug|Any CPU.ActiveCfg = Debug|Any CPU
		{C85FA7B9-BDAD-4CCE-9409-65B3A3A358F8}.Debug|Any CPU.Build.0 = Debug|Any CPU
		{C85FA7B9-BDAD-4CCE-9409-65B3A3A358F8}.Release|Any CPU.ActiveCfg = Release|Any CPU
		{C85FA7B9-BDAD-4CCE-9409-65B3A3A358F8}.Release|Any CPU.Build.0 = Release|Any CPU
	EndGlobalSection
	GlobalSection(SolutionProperties) = preSolution
		HideSolutionNode = FALSE
	EndGlobalSection
	GlobalSection(ExtensibilityGlobals) = postSolution
		SolutionGuid = {B0F9197C-F7A1-4D66-8DE6-FA85E2A46505}
	EndGlobalSection
EndGlobal
